
Microsoft Visual Studio Solution File, Format Version 12.00
# Visual Studio Version 16
VisualStudioVersion = 16.0.34407.143
MinimumVisualStudioVersion = 10.0.40219.1
Project("{FC65038C-1B2F-41E1-A629-BED71D161FFF}") = "Ird_HourJournalCreate (USR) [ird]", "Ird_HourJournalCreate\Ird_HourJournalCreate.rnrproj", "{E494A455-C953-4ADA-BC9F-28FAA13B717C}"
EndProject
Global
	GlobalSection(SolutionConfigurationPlatforms) = preSolution
		Debug|Any CPU = Debug|Any CPU
	EndGlobalSection
	GlobalSection(ProjectConfigurationPlatforms) = postSolution
		{E494A455-C953-4ADA-BC9F-28FAA13B717C}.Debug|Any CPU.ActiveCfg = Debug|Any CPU
		{E494A455-C953-4ADA-BC9F-28FAA13B717C}.Debug|Any CPU.Build.0 = Debug|Any CPU
	EndGlobalSection
	GlobalSection(SolutionProperties) = preSolution
		HideSolutionNode = FALSE
	EndGlobalSection
	GlobalSection(ExtensibilityGlobals) = postSolution
		SolutionGuid = {0A13FF75-4416-475B-9382-CA70AB30FD52}
	EndGlobalSection
EndGlobal
