
Microsoft Visual Studio Solution File, Format Version 12.00
# Visual Studio Version 16
VisualStudioVersion = 16.0.33529.622
MinimumVisualStudioVersion = 10.0.40219.1
Project("{FC65038C-1B2F-41E1-A629-BED71D161FFF}") = "IrTutorials_ClassAndDataEntity (USR) [ird]", "IrTutorials_ClassAndDataEntity\IrTutorials_ClassAndDataEntity.rnrproj", "{8A47AE7B-BFAE-4973-9151-C3C8E8884212}"
EndProject
Global
	GlobalSection(SolutionConfigurationPlatforms) = preSolution
		Debug|Any CPU = Debug|Any CPU
	EndGlobalSection
	GlobalSection(ProjectConfigurationPlatforms) = postSolution
		{8A47AE7B-BFAE-4973-9151-C3C8E8884212}.Debug|Any CPU.ActiveCfg = Debug|Any CPU
		{8A47AE7B-BFAE-4973-9151-C3C8E8884212}.Debug|Any CPU.Build.0 = Debug|Any CPU
	EndGlobalSection
	GlobalSection(SolutionProperties) = preSolution
		HideSolutionNode = FALSE
	EndGlobalSection
	GlobalSection(ExtensibilityGlobals) = postSolution
		SolutionGuid = {D874BD64-EFC9-4427-9186-ABD3A2E3C9A2}
	EndGlobalSection
EndGlobal
