
Microsoft Visual Studio Solution File, Format Version 12.00
# Visual Studio Version 16
VisualStudioVersion = 16.0.34407.143
MinimumVisualStudioVersion = 10.0.40219.1
Project("{FC65038C-1B2F-41E1-A629-BED71D161FFF}") = "Ird_BuildErrors_01 (USR) [ird]", "Ird_BuildErrors_01\Ird_BuildErrors_01.rnrproj", "{DC24A1D3-14E6-4208-A47B-CF6B25ED15D3}"
EndProject
Global
	GlobalSection(SolutionConfigurationPlatforms) = preSolution
		Debug|Any CPU = Debug|Any CPU
	EndGlobalSection
	GlobalSection(ProjectConfigurationPlatforms) = postSolution
		{DC24A1D3-14E6-4208-A47B-CF6B25ED15D3}.Debug|Any CPU.ActiveCfg = Debug|Any CPU
		{DC24A1D3-14E6-4208-A47B-CF6B25ED15D3}.Debug|Any CPU.Build.0 = Debug|Any CPU
	EndGlobalSection
	GlobalSection(SolutionProperties) = preSolution
		HideSolutionNode = FALSE
	EndGlobalSection
	GlobalSection(ExtensibilityGlobals) = postSolution
		SolutionGuid = {FAF3B8C1-66E9-4290-9645-91328E12AB02}
	EndGlobalSection
EndGlobal
