
Microsoft Visual Studio Solution File, Format Version 12.00
# Visual Studio Version 16
VisualStudioVersion = 16.0.33529.622
MinimumVisualStudioVersion = 10.0.40219.1
Project("{FC65038C-1B2F-41E1-A629-BED71D161FFF}") = "FixReferenceError (USR) [ird]", "FixReferenceError\FixReferenceError.rnrproj", "{2FCB6CD4-59F0-478D-AE90-39A6D7501E19}"
EndProject
Global
	GlobalSection(SolutionConfigurationPlatforms) = preSolution
		Debug|Any CPU = Debug|Any CPU
	EndGlobalSection
	GlobalSection(ProjectConfigurationPlatforms) = postSolution
		{2FCB6CD4-59F0-478D-AE90-39A6D7501E19}.Debug|Any CPU.ActiveCfg = Debug|Any CPU
		{2FCB6CD4-59F0-478D-AE90-39A6D7501E19}.Debug|Any CPU.Build.0 = Debug|Any CPU
	EndGlobalSection
	GlobalSection(SolutionProperties) = preSolution
		HideSolutionNode = FALSE
	EndGlobalSection
	GlobalSection(ExtensibilityGlobals) = postSolution
		SolutionGuid = {58EF03DC-BEA9-4F5A-944A-F5020BC6E97F}
	EndGlobalSection
EndGlobal
