
Microsoft Visual Studio Solution File, Format Version 12.00
# Visual Studio Version 16
VisualStudioVersion = 16.0.33529.622
MinimumVisualStudioVersion = 10.0.40219.1
Project("{FC65038C-1B2F-41E1-A629-BED71D161FFF}") = "Ird_IrdMakeInvocieAccMandatory (USR) [ird]", "Ird_IrdMakeInvocieAccMandatory\Ird_IrdMakeInvocieAccMandatory.rnrproj", "{7206ECA3-169E-417A-B2E3-A725708628DD}"
EndProject
Global
	GlobalSection(SolutionConfigurationPlatforms) = preSolution
		Debug|Any CPU = Debug|Any CPU
	EndGlobalSection
	GlobalSection(ProjectConfigurationPlatforms) = postSolution
		{7206ECA3-169E-417A-B2E3-A725708628DD}.Debug|Any CPU.ActiveCfg = Debug|Any CPU
		{7206ECA3-169E-417A-B2E3-A725708628DD}.Debug|Any CPU.Build.0 = Debug|Any CPU
	EndGlobalSection
	GlobalSection(SolutionProperties) = preSolution
		HideSolutionNode = FALSE
	EndGlobalSection
	GlobalSection(ExtensibilityGlobals) = postSolution
		SolutionGuid = {4DCE2ADB-A5B9-4EA9-8671-097EDAA83E35}
	EndGlobalSection
EndGlobal
