
Microsoft Visual Studio Solution File, Format Version 12.00
# Visual Studio Version 16
VisualStudioVersion = 16.0.33529.622
MinimumVisualStudioVersion = 10.0.40219.1
Project("{FC65038C-1B2F-41E1-A629-BED71D161FFF}") = "Ird_FieldWithFloatDatatType (USR) [ird]", "Ird_FieldWithFloatDatatType\Ird_FieldWithFloatDatatType.rnrproj", "{F03289FE-D101-4FB8-926B-8CEB8216C841}"
EndProject
Global
	GlobalSection(SolutionConfigurationPlatforms) = preSolution
		Debug|Any CPU = Debug|Any CPU
	EndGlobalSection
	GlobalSection(ProjectConfigurationPlatforms) = postSolution
		{F03289FE-D101-4FB8-926B-8CEB8216C841}.Debug|Any CPU.ActiveCfg = Debug|Any CPU
		{F03289FE-D101-4FB8-926B-8CEB8216C841}.Debug|Any CPU.Build.0 = Debug|Any CPU
	EndGlobalSection
	GlobalSection(SolutionProperties) = preSolution
		HideSolutionNode = FALSE
	EndGlobalSection
	GlobalSection(ExtensibilityGlobals) = postSolution
		SolutionGuid = {E3FA1972-593A-492E-BD17-F4BCCF062519}
	EndGlobalSection
EndGlobal
