
Microsoft Visual Studio Solution File, Format Version 12.00
# Visual Studio Version 16
VisualStudioVersion = 16.0.33927.289
MinimumVisualStudioVersion = 10.0.40219.1
Project("{FC65038C-1B2F-41E1-A629-BED71D161FFF}") = "Ird_GetCustomerBalanceService (USR) [ird]", "Ird_GetCustomerBalanceService\Ird_GetCustomerBalanceService.rnrproj", "{4179E026-A0DA-4454-B39A-29E29A6F53AD}"
EndProject
Global
	GlobalSection(SolutionConfigurationPlatforms) = preSolution
		Debug|Any CPU = Debug|Any CPU
	EndGlobalSection
	GlobalSection(ProjectConfigurationPlatforms) = postSolution
		{4179E026-A0DA-4454-B39A-29E29A6F53AD}.Debug|Any CPU.ActiveCfg = Debug|Any CPU
		{4179E026-A0DA-4454-B39A-29E29A6F53AD}.Debug|Any CPU.Build.0 = Debug|Any CPU
	EndGlobalSection
	GlobalSection(SolutionProperties) = preSolution
		HideSolutionNode = FALSE
	EndGlobalSection
	GlobalSection(ExtensibilityGlobals) = postSolution
		SolutionGuid = {9A29D29A-6FE7-4FFB-953E-BFF84CB294C8}
	EndGlobalSection
EndGlobal
