
Microsoft Visual Studio Solution File, Format Version 12.00
# Visual Studio Version 16
VisualStudioVersion = 16.0.33927.289
MinimumVisualStudioVersion = 10.0.40219.1
Project("{FC65038C-1B2F-41E1-A629-BED71D161FFF}") = "Ird_DirPartyCreateNameValidation (USR) [ird]", "Ird_DirPartyCreateNameValidation\Ird_DirPartyCreateNameValidation.rnrproj", "{8B288C7D-AA4F-473B-B168-2B981DA9A401}"
EndProject
Global
	GlobalSection(SolutionConfigurationPlatforms) = preSolution
		Debug|Any CPU = Debug|Any CPU
	EndGlobalSection
	GlobalSection(ProjectConfigurationPlatforms) = postSolution
		{8B288C7D-AA4F-473B-B168-2B981DA9A401}.Debug|Any CPU.ActiveCfg = Debug|Any CPU
		{8B288C7D-AA4F-473B-B168-2B981DA9A401}.Debug|Any CPU.Build.0 = Debug|Any CPU
	EndGlobalSection
	GlobalSection(SolutionProperties) = preSolution
		HideSolutionNode = FALSE
	EndGlobalSection
	GlobalSection(ExtensibilityGlobals) = postSolution
		SolutionGuid = {5F1C4F74-B056-4334-B7DF-4B02509DEDBC}
	EndGlobalSection
EndGlobal
