
Microsoft Visual Studio Solution File, Format Version 12.00
# Visual Studio Version 16
VisualStudioVersion = 16.0.34407.143
MinimumVisualStudioVersion = 10.0.40219.1
Project("{FC65038C-1B2F-41E1-A629-BED71D161FFF}") = "ird_callformfromMenu (USR) [ird]", "ird_callformfromMenu\ird_callformfromMenu.rnrproj", "{5959FC1F-C8F8-4D21-A475-2075089D94CE}"
EndProject
Global
	GlobalSection(SolutionConfigurationPlatforms) = preSolution
		Debug|Any CPU = Debug|Any CPU
	EndGlobalSection
	GlobalSection(ProjectConfigurationPlatforms) = postSolution
		{5959FC1F-C8F8-4D21-A475-2075089D94CE}.Debug|Any CPU.ActiveCfg = Debug|Any CPU
		{5959FC1F-C8F8-4D21-A475-2075089D94CE}.Debug|Any CPU.Build.0 = Debug|Any CPU
	EndGlobalSection
	GlobalSection(SolutionProperties) = preSolution
		HideSolutionNode = FALSE
	EndGlobalSection
	GlobalSection(ExtensibilityGlobals) = postSolution
		SolutionGuid = {9F779171-A6AF-46CA-AD9A-E122476534DF}
	EndGlobalSection
EndGlobal
