
Microsoft Visual Studio Solution File, Format Version 12.00
# Visual Studio Version 16
VisualStudioVersion = 16.0.33529.622
MinimumVisualStudioVersion = 10.0.40219.1
Project("{FC65038C-1B2F-41E1-A629-BED71D161FFF}") = "ird_ssrs_report_01 (USR) [ird]", "ird_ssrs_report_01\ird_ssrs_report_01.rnrproj", "{FEF0D1C7-1A33-497F-97EF-7ED62B4AA879}"
EndProject
Global
	GlobalSection(SolutionConfigurationPlatforms) = preSolution
		Debug|Any CPU = Debug|Any CPU
	EndGlobalSection
	GlobalSection(ProjectConfigurationPlatforms) = postSolution
		{FEF0D1C7-1A33-497F-97EF-7ED62B4AA879}.Debug|Any CPU.ActiveCfg = Debug|Any CPU
		{FEF0D1C7-1A33-497F-97EF-7ED62B4AA879}.Debug|Any CPU.Build.0 = Debug|Any CPU
	EndGlobalSection
	GlobalSection(SolutionProperties) = preSolution
		HideSolutionNode = FALSE
	EndGlobalSection
	GlobalSection(ExtensibilityGlobals) = postSolution
		SolutionGuid = {FC9586C4-0EBA-44D3-A044-AEB1DC0C40AF}
	EndGlobalSection
EndGlobal
