
Microsoft Visual Studio Solution File, Format Version 12.00
# Visual Studio Version 16
VisualStudioVersion = 16.0.33927.289
MinimumVisualStudioVersion = 10.0.40219.1
Project("{FC65038C-1B2F-41E1-A629-BED71D161FFF}") = "Ird_APParamsTab_01 (USR) [ird]", "Ird_APParamsTab_01\Ird_APParamsTab_01.rnrproj", "{9E51BEC1-0E3E-4D51-ACCC-508834EE64D6}"
EndProject
Global
	GlobalSection(SolutionConfigurationPlatforms) = preSolution
		Debug|Any CPU = Debug|Any CPU
	EndGlobalSection
	GlobalSection(ProjectConfigurationPlatforms) = postSolution
		{9E51BEC1-0E3E-4D51-ACCC-508834EE64D6}.Debug|Any CPU.ActiveCfg = Debug|Any CPU
		{9E51BEC1-0E3E-4D51-ACCC-508834EE64D6}.Debug|Any CPU.Build.0 = Debug|Any CPU
	EndGlobalSection
	GlobalSection(SolutionProperties) = preSolution
		HideSolutionNode = FALSE
	EndGlobalSection
	GlobalSection(ExtensibilityGlobals) = postSolution
		SolutionGuid = {D4C8F17B-16D1-46A8-8585-77F4919B0848}
	EndGlobalSection
EndGlobal
