
Microsoft Visual Studio Solution File, Format Version 12.00
# Visual Studio Version 17
VisualStudioVersion = 17.9.34902.65
MinimumVisualStudioVersion = 10.0.40219.1
Project("{FC65038C-1B2F-41E1-A629-BED71D161FFF}") = "Ird_unPickSO (USR) [ird]", "Ird_unPickSO.rnrproj", "{7E82811A-9BCE-4F87-ACA0-3C387BF7AAA0}"
EndProject
Global
	GlobalSection(SolutionConfigurationPlatforms) = preSolution
		Debug|Any CPU = Debug|Any CPU
	EndGlobalSection
	GlobalSection(ProjectConfigurationPlatforms) = postSolution
		{7E82811A-9BCE-4F87-ACA0-3C387BF7AAA0}.Debug|Any CPU.ActiveCfg = Debug|Any CPU
		{7E82811A-9BCE-4F87-ACA0-3C387BF7AAA0}.Debug|Any CPU.Build.0 = Debug|Any CPU
	EndGlobalSection
	GlobalSection(SolutionProperties) = preSolution
		HideSolutionNode = FALSE
	EndGlobalSection
	GlobalSection(ExtensibilityGlobals) = postSolution
		SolutionGuid = {9FD1E736-B423-4FD0-8105-860A90537CEF}
	EndGlobalSection
EndGlobal
