
Microsoft Visual Studio Solution File, Format Version 12.00
# Visual Studio Version 16
VisualStudioVersion = 16.0.33529.622
MinimumVisualStudioVersion = 10.0.40219.1
Project("{FC65038C-1B2F-41E1-A629-BED71D161FFF}") = "IRD_ModifyDataEntity (USR) [ird]", "IRD_ModifyDataEntity\IRD_ModifyDataEntity.rnrproj", "{206B202C-86B4-42C5-B5EE-D816787D1352}"
EndProject
Global
	GlobalSection(SolutionConfigurationPlatforms) = preSolution
		Debug|Any CPU = Debug|Any CPU
	EndGlobalSection
	GlobalSection(ProjectConfigurationPlatforms) = postSolution
		{206B202C-86B4-42C5-B5EE-D816787D1352}.Debug|Any CPU.ActiveCfg = Debug|Any CPU
		{206B202C-86B4-42C5-B5EE-D816787D1352}.Debug|Any CPU.Build.0 = Debug|Any CPU
	EndGlobalSection
	GlobalSection(SolutionProperties) = preSolution
		HideSolutionNode = FALSE
	EndGlobalSection
	GlobalSection(ExtensibilityGlobals) = postSolution
		SolutionGuid = {CD32026A-BDBB-4B43-B490-3AB9D8B3382C}
	EndGlobalSection
EndGlobal
