
Microsoft Visual Studio Solution File, Format Version 12.00
# Visual Studio Version 16
VisualStudioVersion = 16.0.33529.622
MinimumVisualStudioVersion = 10.0.40219.1
Project("{FC65038C-1B2F-41E1-A629-BED71D161FFF}") = "Ird_SimpleListdetailForm_01 (USR) [ird]", "Ird_SimpleListdetailForm_01\Ird_SimpleListdetailForm_01.rnrproj", "{28276239-D93B-4477-B413-7B121C870F8D}"
EndProject
Global
	GlobalSection(SolutionConfigurationPlatforms) = preSolution
		Debug|Any CPU = Debug|Any CPU
	EndGlobalSection
	GlobalSection(ProjectConfigurationPlatforms) = postSolution
		{28276239-D93B-4477-B413-7B121C870F8D}.Debug|Any CPU.ActiveCfg = Debug|Any CPU
		{28276239-D93B-4477-B413-7B121C870F8D}.Debug|Any CPU.Build.0 = Debug|Any CPU
	EndGlobalSection
	GlobalSection(SolutionProperties) = preSolution
		HideSolutionNode = FALSE
	EndGlobalSection
	GlobalSection(ExtensibilityGlobals) = postSolution
		SolutionGuid = {6AE31847-726F-4D4B-9408-A983149215F1}
	EndGlobalSection
EndGlobal
