
Microsoft Visual Studio Solution File, Format Version 12.00
# Visual Studio Version 16
VisualStudioVersion = 16.0.33529.622
MinimumVisualStudioVersion = 10.0.40219.1
Project("{FC65038C-1B2F-41E1-A629-BED71D161FFF}") = "Ird_DisplayMethod_01 (USR) [ird]", "Ird_DisplayMethod_01\Ird_DisplayMethod_01.rnrproj", "{E1720486-2F81-4924-93A7-BAAB542982C4}"
EndProject
Global
	GlobalSection(SolutionConfigurationPlatforms) = preSolution
		Debug|Any CPU = Debug|Any CPU
	EndGlobalSection
	GlobalSection(ProjectConfigurationPlatforms) = postSolution
		{E1720486-2F81-4924-93A7-BAAB542982C4}.Debug|Any CPU.ActiveCfg = Debug|Any CPU
		{E1720486-2F81-4924-93A7-BAAB542982C4}.Debug|Any CPU.Build.0 = Debug|Any CPU
	EndGlobalSection
	GlobalSection(SolutionProperties) = preSolution
		HideSolutionNode = FALSE
	EndGlobalSection
	GlobalSection(ExtensibilityGlobals) = postSolution
		SolutionGuid = {FDEEEFC1-32F0-42AE-B0FC-BE6DBBAE73F3}
	EndGlobalSection
EndGlobal
